
Microsoft Visual Studio Solution File, Format Version 12.00
# Visual Studio Version 17
VisualStudioVersion = 17.0.32002.185
MinimumVisualStudioVersion = 10.0.40219.1
Project("{9A19103F-16F7-4668-BE54-9A1E7A4F7556}") = "WebAppApi6", "WebAppApi6.csproj", "{1C0D6468-D0A3-4B66-B9D4-F79D17D11C75}"
EndProject
Global
	GlobalSection(SolutionConfigurationPlatforms) = preSolution
		Debug|Any CPU = Debug|Any CPU
		Release|Any CPU = Release|Any CPU
	EndGlobalSection
	GlobalSection(ProjectConfigurationPlatforms) = postSolution
		{1C0D6468-D0A3-4B66-B9D4-F79D17D11C75}.Debug|Any CPU.ActiveCfg = Debug|Any CPU
		{1C0D6468-D0A3-4B66-B9D4-F79D17D11C75}.Debug|Any CPU.Build.0 = Debug|Any CPU
		{1C0D6468-D0A3-4B66-B9D4-F79D17D11C75}.Release|Any CPU.ActiveCfg = Release|Any CPU
		{1C0D6468-D0A3-4B66-B9D4-F79D17D11C75}.Release|Any CPU.Build.0 = Release|Any CPU
	EndGlobalSection
	GlobalSection(SolutionProperties) = preSolution
		HideSolutionNode = FALSE
	EndGlobalSection
	GlobalSection(ExtensibilityGlobals) = postSolution
		SolutionGuid = {8E3629B8-4B1B-4E4F-A08F-E9A425A6D839}
	EndGlobalSection
EndGlobal
