
Microsoft Visual Studio Solution File, Format Version 12.00
# Visual Studio Version 17
VisualStudioVersion = 17.0.32002.185
MinimumVisualStudioVersion = 10.0.40219.1
Project("{FAE04EC0-301F-11D3-BF4B-00C04F79EFBC}") = "WebAppApi6", "..\WebAppApi6\WebAppApi6.csproj", "{D425FB44-FBB9-4A76-9526-7F6C5A0B4A8E}"
EndProject
Global
	GlobalSection(SolutionConfigurationPlatforms) = preSolution
		Debug|Any CPU = Debug|Any CPU
		Release|Any CPU = Release|Any CPU
	EndGlobalSection
	GlobalSection(ProjectConfigurationPlatforms) = postSolution
		{D425FB44-FBB9-4A76-9526-7F6C5A0B4A8E}.Debug|Any CPU.ActiveCfg = Debug|Any CPU
		{D425FB44-FBB9-4A76-9526-7F6C5A0B4A8E}.Debug|Any CPU.Build.0 = Debug|Any CPU
		{D425FB44-FBB9-4A76-9526-7F6C5A0B4A8E}.Release|Any CPU.ActiveCfg = Release|Any CPU
		{D425FB44-FBB9-4A76-9526-7F6C5A0B4A8E}.Release|Any CPU.Build.0 = Release|Any CPU
	EndGlobalSection
	GlobalSection(SolutionProperties) = preSolution
		HideSolutionNode = FALSE
	EndGlobalSection
	GlobalSection(ExtensibilityGlobals) = postSolution
		SolutionGuid = {C6633D10-2863-4130-9D7C-385910C99A04}
	EndGlobalSection
EndGlobal
